// !$*UTF8*$!
{
	archiveVersion = 1;
	classes = {
	};
	objectVersion = 56;
	objects = {

/* Begin PBXBuildFile section */
		6B0D7EBC2BC417F40009230C /* DiaryView.swift in Sources */ = {isa = PBXBuildFile; fileRef = 6B0D7EBB2BC417F40009230C /* DiaryView.swift */; };
		6B0D7EBE2BC418090009230C /* ProfileView.swift in Sources */ = {isa = PBXBuildFile; fileRef = 6B0D7EBD2BC418090009230C /* ProfileView.swift */; };
		6B0D7EC02BC418C90009230C /* SuggestionView.swift in Sources */ = {isa = PBXBuildFile; fileRef = 6B0D7EBF2BC418C90009230C /* SuggestionView.swift */; };
		6B0D7EC32BC448220009230C /* UserViewModel.swift in Sources */ = {isa = PBXBuildFile; fileRef = 6B0D7EC22BC448220009230C /* UserViewModel.swift */; };
		6B0D7EC72BD1557E0009230C /* PersonalInfoView.swift in Sources */ = {isa = PBXBuildFile; fileRef = 6B0D7EC62BD1557E0009230C /* PersonalInfoView.swift */; };
		6B0D7EC92BD1559A0009230C /* AccountInfoView.swift in Sources */ = {isa = PBXBuildFile; fileRef = 6B0D7EC82BD155990009230C /* AccountInfoView.swift */; };
		6B0D7ECB2BD162B10009230C /* AboutView.swift in Sources */ = {isa = PBXBuildFile; fileRef = 6B0D7ECA2BD162B10009230C /* AboutView.swift */; };
		6B0D7ED02BD7E5880009230C /* MealDetailsView.swift in Sources */ = {isa = PBXBuildFile; fileRef = 6B0D7ECF2BD7E5880009230C /* MealDetailsView.swift */; };
		6B0D7ED22BD7FEA00009230C /* AddFoodView.swift in Sources */ = {isa = PBXBuildFile; fileRef = 6B0D7ED12BD7FEA00009230C /* AddFoodView.swift */; };
		6B0D7EDA2BDD7A550009230C /* FoodsModel.swift in Sources */ = {isa = PBXBuildFile; fileRef = 6B0D7ED92BDD7A550009230C /* FoodsModel.swift */; };
		6B0D7EDC2BDEB3020009230C /* AddFoodDetailsView.swift in Sources */ = {isa = PBXBuildFile; fileRef = 6B0D7EDB2BDEB3020009230C /* AddFoodDetailsView.swift */; };
		6B9A8AF82BAF07DA000E3D17 /* ForgotPswView.swift in Sources */ = {isa = PBXBuildFile; fileRef = 6B9A8AF72BAF07DA000E3D17 /* ForgotPswView.swift */; };
		6B9A8AFA2BAF1B78000E3D17 /* GoogleService-Info.plist in Resources */ = {isa = PBXBuildFile; fileRef = 6B9A8AF92BAF1B78000E3D17 /* GoogleService-Info.plist */; };
		6B9A8AFD2BAF1EF1000E3D17 /* FirebaseAuth in Frameworks */ = {isa = PBXBuildFile; productRef = 6B9A8AFC2BAF1EF1000E3D17 /* FirebaseAuth */; };
		6B9A8AFF2BAF1EF1000E3D17 /* FirebaseFirestore in Frameworks */ = {isa = PBXBuildFile; productRef = 6B9A8AFE2BAF1EF1000E3D17 /* FirebaseFirestore */; };
		6B9A8B012BAF1EF1000E3D17 /* FirebaseStorage in Frameworks */ = {isa = PBXBuildFile; productRef = 6B9A8B002BAF1EF1000E3D17 /* FirebaseStorage */; };
		6B9A8B032BAF2621000E3D17 /* HomeView.swift in Sources */ = {isa = PBXBuildFile; fileRef = 6B9A8B022BAF2621000E3D17 /* HomeView.swift */; };
		6B9A8B052BB2EDB4000E3D17 /* SignupInfoView.swift in Sources */ = {isa = PBXBuildFile; fileRef = 6B9A8B042BB2EDB4000E3D17 /* SignupInfoView.swift */; };
		6B9A8B072BB2F9B8000E3D17 /* YourBasicsView.swift in Sources */ = {isa = PBXBuildFile; fileRef = 6B9A8B062BB2F9B8000E3D17 /* YourBasicsView.swift */; };
		6B9A8B092BB307DF000E3D17 /* AdaptsToKeyboard.swift in Sources */ = {isa = PBXBuildFile; fileRef = 6B9A8B082BB307DF000E3D17 /* AdaptsToKeyboard.swift */; };
		6B9A8B0B2BB35618000E3D17 /* UserData.swift in Sources */ = {isa = PBXBuildFile; fileRef = 6B9A8B0A2BB35618000E3D17 /* UserData.swift */; };
		6B9A8B0D2BB4D98A000E3D17 /* ShowAlert.swift in Sources */ = {isa = PBXBuildFile; fileRef = 6B9A8B0C2BB4D98A000E3D17 /* ShowAlert.swift */; };
		6B9A8B0F2BB4DABD000E3D17 /* GoalRecomView.swift in Sources */ = {isa = PBXBuildFile; fileRef = 6B9A8B0E2BB4DABD000E3D17 /* GoalRecomView.swift */; };
		6B9A8B112BB6E29A000E3D17 /* CalorieTrackRoutineView.swift in Sources */ = {isa = PBXBuildFile; fileRef = 6B9A8B102BB6E29A000E3D17 /* CalorieTrackRoutineView.swift */; };
		6BAB0F932BA9CC7A00E2E64F /* WeightManagementApp.swift in Sources */ = {isa = PBXBuildFile; fileRef = 6BAB0F922BA9CC7A00E2E64F /* WeightManagementApp.swift */; };
		6BAB0F952BA9CC7A00E2E64F /* ContentView.swift in Sources */ = {isa = PBXBuildFile; fileRef = 6BAB0F942BA9CC7A00E2E64F /* ContentView.swift */; };
		6BAB0F972BA9CC7B00E2E64F /* Assets.xcassets in Resources */ = {isa = PBXBuildFile; fileRef = 6BAB0F962BA9CC7B00E2E64F /* Assets.xcassets */; };
		6BAB0F9A2BA9CC7B00E2E64F /* Preview Assets.xcassets in Resources */ = {isa = PBXBuildFile; fileRef = 6BAB0F992BA9CC7B00E2E64F /* Preview Assets.xcassets */; };
		6BAB0FA22BA9CD2D00E2E64F /* LoginView.swift in Sources */ = {isa = PBXBuildFile; fileRef = 6BAB0FA12BA9CD2D00E2E64F /* LoginView.swift */; };
		6BAB0FA52BA9D99D00E2E64F /* String.swift in Sources */ = {isa = PBXBuildFile; fileRef = 6BAB0FA42BA9D99D00E2E64F /* String.swift */; };
		6BAB0FA72BA9E8CE00E2E64F /* SignupView.swift in Sources */ = {isa = PBXBuildFile; fileRef = 6BAB0FA62BA9E8CE00E2E64F /* SignupView.swift */; };
		6BAB0FB12BACAF3500E2E64F /* WelcomeView.swift in Sources */ = {isa = PBXBuildFile; fileRef = 6BAB0FB02BACAF3500E2E64F /* WelcomeView.swift */; };
/* End PBXBuildFile section */

/* Begin PBXFileReference section */
		6B0D7EBB2BC417F40009230C /* DiaryView.swift */ = {isa = PBXFileReference; lastKnownFileType = sourcecode.swift; path = DiaryView.swift; sourceTree = "<group>"; };
		6B0D7EBD2BC418090009230C /* ProfileView.swift */ = {isa = PBXFileReference; lastKnownFileType = sourcecode.swift; path = ProfileView.swift; sourceTree = "<group>"; };
		6B0D7EBF2BC418C90009230C /* SuggestionView.swift */ = {isa = PBXFileReference; lastKnownFileType = sourcecode.swift; path = SuggestionView.swift; sourceTree = "<group>"; };
		6B0D7EC22BC448220009230C /* UserViewModel.swift */ = {isa = PBXFileReference; lastKnownFileType = sourcecode.swift; path = UserViewModel.swift; sourceTree = "<group>"; };
		6B0D7EC62BD1557E0009230C /* PersonalInfoView.swift */ = {isa = PBXFileReference; lastKnownFileType = sourcecode.swift; path = PersonalInfoView.swift; sourceTree = "<group>"; };
		6B0D7EC82BD155990009230C /* AccountInfoView.swift */ = {isa = PBXFileReference; lastKnownFileType = sourcecode.swift; path = AccountInfoView.swift; sourceTree = "<group>"; };
		6B0D7ECA2BD162B10009230C /* AboutView.swift */ = {isa = PBXFileReference; lastKnownFileType = sourcecode.swift; path = AboutView.swift; sourceTree = "<group>"; };
		6B0D7ECF2BD7E5880009230C /* MealDetailsView.swift */ = {isa = PBXFileReference; lastKnownFileType = sourcecode.swift; path = MealDetailsView.swift; sourceTree = "<group>"; };
		6B0D7ED12BD7FEA00009230C /* AddFoodView.swift */ = {isa = PBXFileReference; lastKnownFileType = sourcecode.swift; path = AddFoodView.swift; sourceTree = "<group>"; };
		6B0D7ED92BDD7A550009230C /* FoodsModel.swift */ = {isa = PBXFileReference; lastKnownFileType = sourcecode.swift; path = FoodsModel.swift; sourceTree = "<group>"; };
		6B0D7EDB2BDEB3020009230C /* AddFoodDetailsView.swift */ = {isa = PBXFileReference; lastKnownFileType = sourcecode.swift; path = AddFoodDetailsView.swift; sourceTree = "<group>"; };
		6B9A8AF72BAF07DA000E3D17 /* ForgotPswView.swift */ = {isa = PBXFileReference; lastKnownFileType = sourcecode.swift; path = ForgotPswView.swift; sourceTree = "<group>"; };
		6B9A8AF92BAF1B78000E3D17 /* GoogleService-Info.plist */ = {isa = PBXFileReference; fileEncoding = 4; lastKnownFileType = text.plist.xml; path = "GoogleService-Info.plist"; sourceTree = "<group>"; };
		6B9A8B022BAF2621000E3D17 /* HomeView.swift */ = {isa = PBXFileReference; lastKnownFileType = sourcecode.swift; path = HomeView.swift; sourceTree = "<group>"; };
		6B9A8B042BB2EDB4000E3D17 /* SignupInfoView.swift */ = {isa = PBXFileReference; lastKnownFileType = sourcecode.swift; path = SignupInfoView.swift; sourceTree = "<group>"; };
		6B9A8B062BB2F9B8000E3D17 /* YourBasicsView.swift */ = {isa = PBXFileReference; lastKnownFileType = sourcecode.swift; path = YourBasicsView.swift; sourceTree = "<group>"; };
		6B9A8B082BB307DF000E3D17 /* AdaptsToKeyboard.swift */ = {isa = PBXFileReference; lastKnownFileType = sourcecode.swift; path = AdaptsToKeyboard.swift; sourceTree = "<group>"; };
		6B9A8B0A2BB35618000E3D17 /* UserData.swift */ = {isa = PBXFileReference; lastKnownFileType = sourcecode.swift; path = UserData.swift; sourceTree = "<group>"; };
		6B9A8B0C2BB4D98A000E3D17 /* ShowAlert.swift */ = {isa = PBXFileReference; lastKnownFileType = sourcecode.swift; path = ShowAlert.swift; sourceTree = "<group>"; };
		6B9A8B0E2BB4DABD000E3D17 /* GoalRecomView.swift */ = {isa = PBXFileReference; lastKnownFileType = sourcecode.swift; path = GoalRecomView.swift; sourceTree = "<group>"; };
		6B9A8B102BB6E29A000E3D17 /* CalorieTrackRoutineView.swift */ = {isa = PBXFileReference; lastKnownFileType = sourcecode.swift; path = CalorieTrackRoutineView.swift; sourceTree = "<group>"; };
		6BAB0F8F2BA9CC7A00E2E64F /* WeightManagement.app */ = {isa = PBXFileReference; explicitFileType = wrapper.application; includeInIndex = 0; path = WeightManagement.app; sourceTree = BUILT_PRODUCTS_DIR; };
		6BAB0F922BA9CC7A00E2E64F /* WeightManagementApp.swift */ = {isa = PBXFileReference; lastKnownFileType = sourcecode.swift; path = WeightManagementApp.swift; sourceTree = "<group>"; };
		6BAB0F942BA9CC7A00E2E64F /* ContentView.swift */ = {isa = PBXFileReference; lastKnownFileType = sourcecode.swift; path = ContentView.swift; sourceTree = "<group>"; };
		6BAB0F962BA9CC7B00E2E64F /* Assets.xcassets */ = {isa = PBXFileReference; lastKnownFileType = folder.assetcatalog; path = Assets.xcassets; sourceTree = "<group>"; };
		6BAB0F992BA9CC7B00E2E64F /* Preview Assets.xcassets */ = {isa = PBXFileReference; lastKnownFileType = folder.assetcatalog; path = "Preview Assets.xcassets"; sourceTree = "<group>"; };
		6BAB0FA12BA9CD2D00E2E64F /* LoginView.swift */ = {isa = PBXFileReference; lastKnownFileType = sourcecode.swift; path = LoginView.swift; sourceTree = "<group>"; };
		6BAB0FA42BA9D99D00E2E64F /* String.swift */ = {isa = PBXFileReference; lastKnownFileType = sourcecode.swift; path = String.swift; sourceTree = "<group>"; };
		6BAB0FA62BA9E8CE00E2E64F /* SignupView.swift */ = {isa = PBXFileReference; lastKnownFileType = sourcecode.swift; path = SignupView.swift; sourceTree = "<group>"; };
		6BAB0FB02BACAF3500E2E64F /* WelcomeView.swift */ = {isa = PBXFileReference; lastKnownFileType = sourcecode.swift; path = WelcomeView.swift; sourceTree = "<group>"; };
/* End PBXFileReference section */

/* Begin PBXFrameworksBuildPhase section */
		6BAB0F8C2BA9CC7A00E2E64F /* Frameworks */ = {
			isa = PBXFrameworksBuildPhase;
			buildActionMask = 2147483647;
			files = (
				6B9A8AFD2BAF1EF1000E3D17 /* FirebaseAuth in Frameworks */,
				6B9A8AFF2BAF1EF1000E3D17 /* FirebaseFirestore in Frameworks */,
				6B9A8B012BAF1EF1000E3D17 /* FirebaseStorage in Frameworks */,
			);
			runOnlyForDeploymentPostprocessing = 0;
		};
/* End PBXFrameworksBuildPhase section */

/* Begin PBXGroup section */
		6B0D7EC12BC447CF0009230C /* ViewModels */ = {
			isa = PBXGroup;
			children = (
				6B0D7EC22BC448220009230C /* UserViewModel.swift */,
				6B0D7ED92BDD7A550009230C /* FoodsModel.swift */,
			);
			path = ViewModels;
			sourceTree = "<group>";
		};
		6BAB0F862BA9CC7A00E2E64F = {
			isa = PBXGroup;
			children = (
				6BAB0F912BA9CC7A00E2E64F /* WeightManagement */,
				6BAB0F902BA9CC7A00E2E64F /* Products */,
			);
			sourceTree = "<group>";
		};
		6BAB0F902BA9CC7A00E2E64F /* Products */ = {
			isa = PBXGroup;
			children = (
				6BAB0F8F2BA9CC7A00E2E64F /* WeightManagement.app */,
			);
			name = Products;
			sourceTree = "<group>";
		};
		6BAB0F912BA9CC7A00E2E64F /* WeightManagement */ = {
			isa = PBXGroup;
			children = (
				6BAB0F922BA9CC7A00E2E64F /* WeightManagementApp.swift */,
				6BAB0F942BA9CC7A00E2E64F /* ContentView.swift */,
				6B9A8B0A2BB35618000E3D17 /* UserData.swift */,
				6B0D7EC12BC447CF0009230C /* ViewModels */,
				6BAB0FA32BA9D98800E2E64F /* Extensions */,
				6BAB0FA02BA9CD0200E2E64F /* Views */,
				6BAB0F962BA9CC7B00E2E64F /* Assets.xcassets */,
				6B9A8AF92BAF1B78000E3D17 /* GoogleService-Info.plist */,
				6BAB0F982BA9CC7B00E2E64F /* Preview Content */,
			);
			path = WeightManagement;
			sourceTree = "<group>";
		};
		6BAB0F982BA9CC7B00E2E64F /* Preview Content */ = {
			isa = PBXGroup;
			children = (
				6BAB0F992BA9CC7B00E2E64F /* Preview Assets.xcassets */,
			);
			path = "Preview Content";
			sourceTree = "<group>";
		};
		6BAB0FA02BA9CD0200E2E64F /* Views */ = {
			isa = PBXGroup;
			children = (
				6BAB0FB02BACAF3500E2E64F /* WelcomeView.swift */,
				6BAB0FA12BA9CD2D00E2E64F /* LoginView.swift */,
				6B9A8AF72BAF07DA000E3D17 /* ForgotPswView.swift */,
				6B9A8B042BB2EDB4000E3D17 /* SignupInfoView.swift */,
				6B9A8B062BB2F9B8000E3D17 /* YourBasicsView.swift */,
				6B9A8B0E2BB4DABD000E3D17 /* GoalRecomView.swift */,
				6B9A8B102BB6E29A000E3D17 /* CalorieTrackRoutineView.swift */,
				6BAB0FA62BA9E8CE00E2E64F /* SignupView.swift */,
				6B9A8B022BAF2621000E3D17 /* HomeView.swift */,
				6B0D7EBB2BC417F40009230C /* DiaryView.swift */,
				6B0D7ECF2BD7E5880009230C /* MealDetailsView.swift */,
				6B0D7ED12BD7FEA00009230C /* AddFoodView.swift */,
				6B0D7EDB2BDEB3020009230C /* AddFoodDetailsView.swift */,
				6B0D7EBF2BC418C90009230C /* SuggestionView.swift */,
				6B0D7EBD2BC418090009230C /* ProfileView.swift */,
				6B0D7EC62BD1557E0009230C /* PersonalInfoView.swift */,
				6B0D7EC82BD155990009230C /* AccountInfoView.swift */,
				6B0D7ECA2BD162B10009230C /* AboutView.swift */,
			);
			path = Views;
			sourceTree = "<group>";
		};
		6BAB0FA32BA9D98800E2E64F /* Extensions */ = {
			isa = PBXGroup;
			children = (
				6BAB0FA42BA9D99D00E2E64F /* String.swift */,
				6B9A8B082BB307DF000E3D17 /* AdaptsToKeyboard.swift */,
				6B9A8B0C2BB4D98A000E3D17 /* ShowAlert.swift */,
			);
			path = Extensions;
			sourceTree = "<group>";
		};
/* End PBXGroup section */

/* Begin PBXNativeTarget section */
		6BAB0F8E2BA9CC7A00E2E64F /* WeightManagement */ = {
			isa = PBXNativeTarget;
			buildConfigurationList = 6BAB0F9D2BA9CC7B00E2E64F /* Build configuration list for PBXNativeTarget "WeightManagement" */;
			buildPhases = (
				6BAB0F8B2BA9CC7A00E2E64F /* Sources */,
				6BAB0F8C2BA9CC7A00E2E64F /* Frameworks */,
				6BAB0F8D2BA9CC7A00E2E64F /* Resources */,
			);
			buildRules = (
			);
			dependencies = (
			);
			name = WeightManagement;
			packageProductDependencies = (
				6B9A8AFC2BAF1EF1000E3D17 /* FirebaseAuth */,
				6B9A8AFE2BAF1EF1000E3D17 /* FirebaseFirestore */,
				6B9A8B002BAF1EF1000E3D17 /* FirebaseStorage */,
			);
			productName = WeightManagement;
			productReference = 6BAB0F8F2BA9CC7A00E2E64F /* WeightManagement.app */;
			productType = "com.apple.product-type.application";
		};
/* End PBXNativeTarget section */

/* Begin PBXProject section */
		6BAB0F872BA9CC7A00E2E64F /* Project object */ = {
			isa = PBXProject;
			attributes = {
				BuildIndependentTargetsInParallel = 1;
				LastSwiftUpdateCheck = 1530;
				LastUpgradeCheck = 1530;
				TargetAttributes = {
					6BAB0F8E2BA9CC7A00E2E64F = {
						CreatedOnToolsVersion = 15.3;
					};
				};
			};
			buildConfigurationList = 6BAB0F8A2BA9CC7A00E2E64F /* Build configuration list for PBXProject "WeightManagement" */;
			compatibilityVersion = "Xcode 14.0";
			developmentRegion = en;
			hasScannedForEncodings = 0;
			knownRegions = (
				en,
				Base,
			);
			mainGroup = 6BAB0F862BA9CC7A00E2E64F;
			packageReferences = (
				6B9A8AFB2BAF1EF1000E3D17 /* XCRemoteSwiftPackageReference "firebase-ios-sdk" */,
				6B0D7ED32BDA87F40009230C /* XCRemoteSwiftPackageReference "FatSecretSwift" */,
			);
			productRefGroup = 6BAB0F902BA9CC7A00E2E64F /* Products */;
			projectDirPath = "";
			projectRoot = "";
			targets = (
				6BAB0F8E2BA9CC7A00E2E64F /* WeightManagement */,
			);
		};
/* End PBXProject section */

/* Begin PBXResourcesBuildPhase section */
		6BAB0F8D2BA9CC7A00E2E64F /* Resources */ = {
			isa = PBXResourcesBuildPhase;
			buildActionMask = 2147483647;
			files = (
				6BAB0F9A2BA9CC7B00E2E64F /* Preview Assets.xcassets in Resources */,
				6BAB0F972BA9CC7B00E2E64F /* Assets.xcassets in Resources */,
				6B9A8AFA2BAF1B78000E3D17 /* GoogleService-Info.plist in Resources */,
			);
			runOnlyForDeploymentPostprocessing = 0;
		};
/* End PBXResourcesBuildPhase section */

/* Begin PBXSourcesBuildPhase section */
		6BAB0F8B2BA9CC7A00E2E64F /* Sources */ = {
			isa = PBXSourcesBuildPhase;
			buildActionMask = 2147483647;
			files = (
				6B9A8B0B2BB35618000E3D17 /* UserData.swift in Sources */,
				6B9A8B032BAF2621000E3D17 /* HomeView.swift in Sources */,
				6B0D7EDA2BDD7A550009230C /* FoodsModel.swift in Sources */,
				6B9A8B052BB2EDB4000E3D17 /* SignupInfoView.swift in Sources */,
				6B0D7EC72BD1557E0009230C /* PersonalInfoView.swift in Sources */,
				6B9A8B092BB307DF000E3D17 /* AdaptsToKeyboard.swift in Sources */,
				6B9A8B0F2BB4DABD000E3D17 /* GoalRecomView.swift in Sources */,
				6B9A8B072BB2F9B8000E3D17 /* YourBasicsView.swift in Sources */,
				6BAB0FA22BA9CD2D00E2E64F /* LoginView.swift in Sources */,
				6B0D7ED22BD7FEA00009230C /* AddFoodView.swift in Sources */,
				6B0D7EC92BD1559A0009230C /* AccountInfoView.swift in Sources */,
				6B0D7ED02BD7E5880009230C /* MealDetailsView.swift in Sources */,
				6BAB0F952BA9CC7A00E2E64F /* ContentView.swift in Sources */,
				6B0D7EDC2BDEB3020009230C /* AddFoodDetailsView.swift in Sources */,
				6BAB0FA52BA9D99D00E2E64F /* String.swift in Sources */,
				6B0D7EBE2BC418090009230C /* ProfileView.swift in Sources */,
				6B0D7ECB2BD162B10009230C /* AboutView.swift in Sources */,
				6B0D7EC02BC418C90009230C /* SuggestionView.swift in Sources */,
				6B9A8B112BB6E29A000E3D17 /* CalorieTrackRoutineView.swift in Sources */,
				6B9A8AF82BAF07DA000E3D17 /* ForgotPswView.swift in Sources */,
				6B0D7EC32BC448220009230C /* UserViewModel.swift in Sources */,
				6BAB0F932BA9CC7A00E2E64F /* WeightManagementApp.swift in Sources */,
				6B9A8B0D2BB4D98A000E3D17 /* ShowAlert.swift in Sources */,
				6BAB0FA72BA9E8CE00E2E64F /* SignupView.swift in Sources */,
				6B0D7EBC2BC417F40009230C /* DiaryView.swift in Sources */,
				6BAB0FB12BACAF3500E2E64F /* WelcomeView.swift in Sources */,
			);
			runOnlyForDeploymentPostprocessing = 0;
		};
/* End PBXSourcesBuildPhase section */

/* Begin XCBuildConfiguration section */
		6BAB0F9B2BA9CC7B00E2E64F /* Debug */ = {
			isa = XCBuildConfiguration;
			buildSettings = {
				ALWAYS_SEARCH_USER_PATHS = NO;
				ASSETCATALOG_COMPILER_GENERATE_SWIFT_ASSET_SYMBOL_EXTENSIONS = YES;
				CLANG_ANALYZER_NONNULL = YES;
				CLANG_ANALYZER_NUMBER_OBJECT_CONVERSION = YES_AGGRESSIVE;
				CLANG_CXX_LANGUAGE_STANDARD = "gnu++20";
				CLANG_ENABLE_MODULES = YES;
				CLANG_ENABLE_OBJC_ARC = YES;
				CLANG_ENABLE_OBJC_WEAK = YES;
				CLANG_WARN_BLOCK_CAPTURE_AUTORELEASING = YES;
				CLANG_WARN_BOOL_CONVERSION = YES;
				CLANG_WARN_COMMA = YES;
				CLANG_WARN_CONSTANT_CONVERSION = YES;
				CLANG_WARN_DEPRECATED_OBJC_IMPLEMENTATIONS = YES;
				CLANG_WARN_DIRECT_OBJC_ISA_USAGE = YES_ERROR;
				CLANG_WARN_DOCUMENTATION_COMMENTS = YES;
				CLANG_WARN_EMPTY_BODY = YES;
				CLANG_WARN_ENUM_CONVERSION = YES;
				CLANG_WARN_INFINITE_RECURSION = YES;
				CLANG_WARN_INT_CONVERSION = YES;
				CLANG_WARN_NON_LITERAL_NULL_CONVERSION = YES;
				CLANG_WARN_OBJC_IMPLICIT_RETAIN_SELF = YES;
				CLANG_WARN_OBJC_LITERAL_CONVERSION = YES;
				CLANG_WARN_OBJC_ROOT_CLASS = YES_ERROR;
				CLANG_WARN_QUOTED_INCLUDE_IN_FRAMEWORK_HEADER = YES;
				CLANG_WARN_RANGE_LOOP_ANALYSIS = YES;
				CLANG_WARN_STRICT_PROTOTYPES = YES;
				CLANG_WARN_SUSPICIOUS_MOVE = YES;
				CLANG_WARN_UNGUARDED_AVAILABILITY = YES_AGGRESSIVE;
				CLANG_WARN_UNREACHABLE_CODE = YES;
				CLANG_WARN__DUPLICATE_METHOD_MATCH = YES;
				COPY_PHASE_STRIP = NO;
				DEBUG_INFORMATION_FORMAT = dwarf;
				ENABLE_STRICT_OBJC_MSGSEND = YES;
				ENABLE_TESTABILITY = YES;
				ENABLE_USER_SCRIPT_SANDBOXING = YES;
				GCC_C_LANGUAGE_STANDARD = gnu17;
				GCC_DYNAMIC_NO_PIC = NO;
				GCC_NO_COMMON_BLOCKS = YES;
				GCC_OPTIMIZATION_LEVEL = 0;
				GCC_PREPROCESSOR_DEFINITIONS = (
					"DEBUG=1",
					"$(inherited)",
				);
				GCC_WARN_64_TO_32_BIT_CONVERSION = YES;
				GCC_WARN_ABOUT_RETURN_TYPE = YES_ERROR;
				GCC_WARN_UNDECLARED_SELECTOR = YES;
				GCC_WARN_UNINITIALIZED_AUTOS = YES_AGGRESSIVE;
				GCC_WARN_UNUSED_FUNCTION = YES;
				GCC_WARN_UNUSED_VARIABLE = YES;
				IPHONEOS_DEPLOYMENT_TARGET = 17.4;
				LOCALIZATION_PREFERS_STRING_CATALOGS = YES;
				MTL_ENABLE_DEBUG_INFO = INCLUDE_SOURCE;
				MTL_FAST_MATH = YES;
				ONLY_ACTIVE_ARCH = YES;
				SDKROOT = iphoneos;
				SWIFT_ACTIVE_COMPILATION_CONDITIONS = "DEBUG $(inherited)";
				SWIFT_OPTIMIZATION_LEVEL = "-Onone";
			};
			name = Debug;
		};
		6BAB0F9C2BA9CC7B00E2E64F /* Release */ = {
			isa = XCBuildConfiguration;
			buildSettings = {
				ALWAYS_SEARCH_USER_PATHS = NO;
				ASSETCATALOG_COMPILER_GENERATE_SWIFT_ASSET_SYMBOL_EXTENSIONS = YES;
				CLANG_ANALYZER_NONNULL = YES;
				CLANG_ANALYZER_NUMBER_OBJECT_CONVERSION = YES_AGGRESSIVE;
				CLANG_CXX_LANGUAGE_STANDARD = "gnu++20";
				CLANG_ENABLE_MODULES = YES;
				CLANG_ENABLE_OBJC_ARC = YES;
				CLANG_ENABLE_OBJC_WEAK = YES;
				CLANG_WARN_BLOCK_CAPTURE_AUTORELEASING = YES;
				CLANG_WARN_BOOL_CONVERSION = YES;
				CLANG_WARN_COMMA = YES;
				CLANG_WARN_CONSTANT_CONVERSION = YES;
				CLANG_WARN_DEPRECATED_OBJC_IMPLEMENTATIONS = YES;
				CLANG_WARN_DIRECT_OBJC_ISA_USAGE = YES_ERROR;
				CLANG_WARN_DOCUMENTATION_COMMENTS = YES;
				CLANG_WARN_EMPTY_BODY = YES;
				CLANG_WARN_ENUM_CONVERSION = YES;
				CLANG_WARN_INFINITE_RECURSION = YES;
				CLANG_WARN_INT_CONVERSION = YES;
				CLANG_WARN_NON_LITERAL_NULL_CONVERSION = YES;
				CLANG_WARN_OBJC_IMPLICIT_RETAIN_SELF = YES;
				CLANG_WARN_OBJC_LITERAL_CONVERSION = YES;
				CLANG_WARN_OBJC_ROOT_CLASS = YES_ERROR;
				CLANG_WARN_QUOTED_INCLUDE_IN_FRAMEWORK_HEADER = YES;
				CLANG_WARN_RANGE_LOOP_ANALYSIS = YES;
				CLANG_WARN_STRICT_PROTOTYPES = YES;
				CLANG_WARN_SUSPICIOUS_MOVE = YES;
				CLANG_WARN_UNGUARDED_AVAILABILITY = YES_AGGRESSIVE;
				CLANG_WARN_UNREACHABLE_CODE = YES;
				CLANG_WARN__DUPLICATE_METHOD_MATCH = YES;
				COPY_PHASE_STRIP = NO;
				DEBUG_INFORMATION_FORMAT = "dwarf-with-dsym";
				ENABLE_NS_ASSERTIONS = NO;
				ENABLE_STRICT_OBJC_MSGSEND = YES;
				ENABLE_USER_SCRIPT_SANDBOXING = YES;
				GCC_C_LANGUAGE_STANDARD = gnu17;
				GCC_NO_COMMON_BLOCKS = YES;
				GCC_WARN_64_TO_32_BIT_CONVERSION = YES;
				GCC_WARN_ABOUT_RETURN_TYPE = YES_ERROR;
				GCC_WARN_UNDECLARED_SELECTOR = YES;
				GCC_WARN_UNINITIALIZED_AUTOS = YES_AGGRESSIVE;
				GCC_WARN_UNUSED_FUNCTION = YES;
				GCC_WARN_UNUSED_VARIABLE = YES;
				IPHONEOS_DEPLOYMENT_TARGET = 17.4;
				LOCALIZATION_PREFERS_STRING_CATALOGS = YES;
				MTL_ENABLE_DEBUG_INFO = NO;
				MTL_FAST_MATH = YES;
				SDKROOT = iphoneos;
				SWIFT_COMPILATION_MODE = wholemodule;
				VALIDATE_PRODUCT = YES;
			};
			name = Release;
		};
		6BAB0F9E2BA9CC7B00E2E64F /* Debug */ = {
			isa = XCBuildConfiguration;
			buildSettings = {
				ASSETCATALOG_COMPILER_APPICON_NAME = AppIcon;
				ASSETCATALOG_COMPILER_GLOBAL_ACCENT_COLOR_NAME = AccentColor;
				CODE_SIGN_STYLE = Automatic;
				CURRENT_PROJECT_VERSION = 1;
				DEVELOPMENT_ASSET_PATHS = "\"WeightManagement/Preview Content\"";
				DEVELOPMENT_TEAM = V68ZM8TA8K;
				ENABLE_PREVIEWS = YES;
				GENERATE_INFOPLIST_FILE = YES;
				INFOPLIST_KEY_UIApplicationSceneManifest_Generation = YES;
				INFOPLIST_KEY_UIApplicationSupportsIndirectInputEvents = YES;
				INFOPLIST_KEY_UILaunchScreen_Generation = YES;
				INFOPLIST_KEY_UISupportedInterfaceOrientations_iPad = "UIInterfaceOrientationPortrait UIInterfaceOrientationPortraitUpsideDown UIInterfaceOrientationLandscapeLeft UIInterfaceOrientationLandscapeRight";
				INFOPLIST_KEY_UISupportedInterfaceOrientations_iPhone = "UIInterfaceOrientationPortrait UIInterfaceOrientationLandscapeLeft UIInterfaceOrientationLandscapeRight";
				LD_RUNPATH_SEARCH_PATHS = (
					"$(inherited)",
					"@executable_path/Frameworks",
				);
				MARKETING_VERSION = 1.0;
				PRODUCT_BUNDLE_IDENTIFIER = com.kaansimsek.WeightManagement;
				PRODUCT_NAME = "$(TARGET_NAME)";
				SWIFT_EMIT_LOC_STRINGS = YES;
				SWIFT_VERSION = 5.0;
				TARGETED_DEVICE_FAMILY = "1,2";
			};
			name = Debug;
		};
		6BAB0F9F2BA9CC7B00E2E64F /* Release */ = {
			isa = XCBuildConfiguration;
			buildSettings = {
				ASSETCATALOG_COMPILER_APPICON_NAME = AppIcon;
				ASSETCATALOG_COMPILER_GLOBAL_ACCENT_COLOR_NAME = AccentColor;
				CODE_SIGN_STYLE = Automatic;
				CURRENT_PROJECT_VERSION = 1;
				DEVELOPMENT_ASSET_PATHS = "\"WeightManagement/Preview Content\"";
				DEVELOPMENT_TEAM = V68ZM8TA8K;
				ENABLE_PREVIEWS = YES;
				GENERATE_INFOPLIST_FILE = YES;
				INFOPLIST_KEY_UIApplicationSceneManifest_Generation = YES;
				INFOPLIST_KEY_UIApplicationSupportsIndirectInputEvents = YES;
				INFOPLIST_KEY_UILaunchScreen_Generation = YES;
				INFOPLIST_KEY_UISupportedInterfaceOrientations_iPad = "UIInterfaceOrientationPortrait UIInterfaceOrientationPortraitUpsideDown UIInterfaceOrientationLandscapeLeft UIInterfaceOrientationLandscapeRight";
				INFOPLIST_KEY_UISupportedInterfaceOrientations_iPhone = "UIInterfaceOrientationPortrait UIInterfaceOrientationLandscapeLeft UIInterfaceOrientationLandscapeRight";
				LD_RUNPATH_SEARCH_PATHS = (
					"$(inherited)",
					"@executable_path/Frameworks",
				);
				MARKETING_VERSION = 1.0;
				PRODUCT_BUNDLE_IDENTIFIER = com.kaansimsek.WeightManagement;
				PRODUCT_NAME = "$(TARGET_NAME)";
				SWIFT_EMIT_LOC_STRINGS = YES;
				SWIFT_VERSION = 5.0;
				TARGETED_DEVICE_FAMILY = "1,2";
			};
			name = Release;
		};
/* End XCBuildConfiguration section */

/* Begin XCConfigurationList section */
		6BAB0F8A2BA9CC7A00E2E64F /* Build configuration list for PBXProject "WeightManagement" */ = {
			isa = XCConfigurationList;
			buildConfigurations = (
				6BAB0F9B2BA9CC7B00E2E64F /* Debug */,
				6BAB0F9C2BA9CC7B00E2E64F /* Release */,
			);
			defaultConfigurationIsVisible = 0;
			defaultConfigurationName = Release;
		};
		6BAB0F9D2BA9CC7B00E2E64F /* Build configuration list for PBXNativeTarget "WeightManagement" */ = {
			isa = XCConfigurationList;
			buildConfigurations = (
				6BAB0F9E2BA9CC7B00E2E64F /* Debug */,
				6BAB0F9F2BA9CC7B00E2E64F /* Release */,
			);
			defaultConfigurationIsVisible = 0;
			defaultConfigurationName = Release;
		};
/* End XCConfigurationList section */

/* Begin XCRemoteSwiftPackageReference section */
		6B0D7ED32BDA87F40009230C /* XCRemoteSwiftPackageReference "FatSecretSwift" */ = {
			isa = XCRemoteSwiftPackageReference;
			repositoryURL = "https://github.com/NicholasBellucci/FatSecretSwift.git";
			requirement = {
				kind = upToNextMajorVersion;
				minimumVersion = 0.1.0;
			};
		};
		6B9A8AFB2BAF1EF1000E3D17 /* XCRemoteSwiftPackageReference "firebase-ios-sdk" */ = {
			isa = XCRemoteSwiftPackageReference;
			repositoryURL = "https://github.com/firebase/firebase-ios-sdk";
			requirement = {
				kind = upToNextMajorVersion;
				minimumVersion = 10.23.0;
			};
		};
/* End XCRemoteSwiftPackageReference section */

/* Begin XCSwiftPackageProductDependency section */
		6B9A8AFC2BAF1EF1000E3D17 /* FirebaseAuth */ = {
			isa = XCSwiftPackageProductDependency;
			package = 6B9A8AFB2BAF1EF1000E3D17 /* XCRemoteSwiftPackageReference "firebase-ios-sdk" */;
			productName = FirebaseAuth;
		};
		6B9A8AFE2BAF1EF1000E3D17 /* FirebaseFirestore */ = {
			isa = XCSwiftPackageProductDependency;
			package = 6B9A8AFB2BAF1EF1000E3D17 /* XCRemoteSwiftPackageReference "firebase-ios-sdk" */;
			productName = FirebaseFirestore;
		};
		6B9A8B002BAF1EF1000E3D17 /* FirebaseStorage */ = {
			isa = XCSwiftPackageProductDependency;
			package = 6B9A8AFB2BAF1EF1000E3D17 /* XCRemoteSwiftPackageReference "firebase-ios-sdk" */;
			productName = FirebaseStorage;
		};
/* End XCSwiftPackageProductDependency section */
	};
	rootObject = 6BAB0F872BA9CC7A00E2E64F /* Project object */;
}
